// !$*UTF8*$!
{
	archiveVersion = 1;
	classes = {
	};
	objectVersion = 46;
	objects = {

/* Begin PBXBuildFile section */
		53CC49211C2450B60050EC57 /* main.m in Sources */ = {isa = PBXBuildFile; fileRef = 53CC49201C2450B60050EC57 /* main.m */; };
		53CC49241C2450B60050EC57 /* AppDelegate.m in Sources */ = {isa = PBXBuildFile; fileRef = 53CC49231C2450B60050EC57 /* AppDelegate.m */; };
		53CC49271C2450B60050EC57 /* ViewController.m in Sources */ = {isa = PBXBuildFile; fileRef = 53CC49261C2450B60050EC57 /* ViewController.m */; };
		53CC492A1C2450B70050EC57 /* Main.storyboard in Resources */ = {isa = PBXBuildFile; fileRef = 53CC49281C2450B70050EC57 /* Main.storyboard */; };
		53CC492C1C2450B70050EC57 /* Assets.xcassets in Resources */ = {isa = PBXBuildFile; fileRef = 53CC492B1C2450B70050EC57 /* Assets.xcassets */; };
		53CC492F1C2450B70050EC57 /* LaunchScreen.storyboard in Resources */ = {isa = PBXBuildFile; fileRef = 53CC492D1C2450B70050EC57 /* LaunchScreen.storyboard */; };
		66BEC13B5314202521B5AA71 /* libPods-GJSplashScreenDemo.a in Frameworks */ = {isa = PBXBuildFile; fileRef = EEDE7A4BBE129B5EF6AFF36D /* libPods-GJSplashScreenDemo.a */; };
/* End PBXBuildFile section */

/* Begin PBXFileReference section */
		53CC491C1C2450B60050EC57 /* GJSplashScreenDemo.app */ = {isa = PBXFileReference; explicitFileType = wrapper.application; includeInIndex = 0; path = GJSplashScreenDemo.app; sourceTree = BUILT_PRODUCTS_DIR; };
		53CC49201C2450B60050EC57 /* main.m */ = {isa = PBXFileReference; lastKnownFileType = sourcecode.c.objc; path = main.m; sourceTree = "<group>"; };
		53CC49221C2450B60050EC57 /* AppDelegate.h */ = {isa = PBXFileReference; lastKnownFileType = sourcecode.c.h; path = AppDelegate.h; sourceTree = "<group>"; };
		53CC49231C2450B60050EC57 /* AppDelegate.m */ = {isa = PBXFileReference; lastKnownFileType = sourcecode.c.objc; path = AppDelegate.m; sourceTree = "<group>"; };
		53CC49251C2450B60050EC57 /* ViewController.h */ = {isa = PBXFileReference; lastKnownFileType = sourcecode.c.h; path = ViewController.h; sourceTree = "<group>"; };
		53CC49261C2450B60050EC57 /* ViewController.m */ = {isa = PBXFileReference; lastKnownFileType = sourcecode.c.objc; path = ViewController.m; sourceTree = "<group>"; };
		53CC49291C2450B70050EC57 /* Base */ = {isa = PBXFileReference; lastKnownFileType = file.storyboard; name = Base; path = Base.lproj/Main.storyboard; sourceTree = "<group>"; };
		53CC492B1C2450B70050EC57 /* Assets.xcassets */ = {isa = PBXFileReference; lastKnownFileType = folder.assetcatalog; path = Assets.xcassets; sourceTree = "<group>"; };
		53CC492E1C2450B70050EC57 /* Base */ = {isa = PBXFileReference; lastKnownFileType = file.storyboard; name = Base; path = Base.lproj/LaunchScreen.storyboard; sourceTree = "<group>"; };
		53CC49301C2450B70050EC57 /* Info.plist */ = {isa = PBXFileReference; lastKnownFileType = text.plist.xml; path = Info.plist; sourceTree = "<group>"; };
		5706C565BC8FBC9FCCC7ABA9 /* Pods-GJSplashScreenDemo.debug.xcconfig */ = {isa = PBXFileReference; includeInIndex = 1; lastKnownFileType = text.xcconfig; name = "Pods-GJSplashScreenDemo.debug.xcconfig"; path = "Pods/Target Support Files/Pods-GJSplashScreenDemo/Pods-GJSplashScreenDemo.debug.xcconfig"; sourceTree = "<group>"; };
		EEDE7A4BBE129B5EF6AFF36D /* libPods-GJSplashScreenDemo.a */ = {isa = PBXFileReference; explicitFileType = archive.ar; includeInIndex = 0; path = "libPods-GJSplashScreenDemo.a"; sourceTree = BUILT_PRODUCTS_DIR; };
		F9A64A20731A46D882637129 /* Pods-GJSplashScreenDemo.release.xcconfig */ = {isa = PBXFileReference; includeInIndex = 1; lastKnownFileType = text.xcconfig; name = "Pods-GJSplashScreenDemo.release.xcconfig"; path = "Pods/Target Support Files/Pods-GJSplashScreenDemo/Pods-GJSplashScreenDemo.release.xcconfig"; sourceTree = "<group>"; };
/* End PBXFileReference section */

/* Begin PBXFrameworksBuildPhase section */
		53CC49191C2450B60050EC57 /* Frameworks */ = {
			isa = PBXFrameworksBuildPhase;
			buildActionMask = 2147483647;
			files = (
				66BEC13B5314202521B5AA71 /* libPods-GJSplashScreenDemo.a in Frameworks */,
			);
			runOnlyForDeploymentPostprocessing = 0;
		};
/* End PBXFrameworksBuildPhase section */

/* Begin PBXGroup section */
		30C29E2F2DCCE46241A83E95 /* Frameworks */ = {
			isa = PBXGroup;
			children = (
				EEDE7A4BBE129B5EF6AFF36D /* libPods-GJSplashScreenDemo.a */,
			);
			name = Frameworks;
			sourceTree = "<group>";
		};
		53CC49131C2450B60050EC57 = {
			isa = PBXGroup;
			children = (
				53CC491E1C2450B60050EC57 /* GJSplashScreenDemo */,
				53CC491D1C2450B60050EC57 /* Products */,
				A5F8D18978DB035F03B97B14 /* Pods */,
				30C29E2F2DCCE46241A83E95 /* Frameworks */,
			);
			sourceTree = "<group>";
		};
		53CC491D1C2450B60050EC57 /* Products */ = {
			isa = PBXGroup;
			children = (
				53CC491C1C2450B60050EC57 /* GJSplashScreenDemo.app */,
			);
			name = Products;
			sourceTree = "<group>";
		};
		53CC491E1C2450B60050EC57 /* GJSplashScreenDemo */ = {
			isa = PBXGroup;
			children = (
				53CC49221C2450B60050EC57 /* AppDelegate.h */,
				53CC49231C2450B60050EC57 /* AppDelegate.m */,
				53CC49251C2450B60050EC57 /* ViewController.h */,
				53CC49261C2450B60050EC57 /* ViewController.m */,
				53CC49281C2450B70050EC57 /* Main.storyboard */,
				53CC492B1C2450B70050EC57 /* Assets.xcassets */,
				53CC492D1C2450B70050EC57 /* LaunchScreen.storyboard */,
				53CC49301C2450B70050EC57 /* Info.plist */,
				53CC491F1C2450B60050EC57 /* Supporting Files */,
			);
			path = GJSplashScreenDemo;
			sourceTree = "<group>";
		};
		53CC491F1C2450B60050EC57 /* Supporting Files */ = {
			isa = PBXGroup;
			children = (
				53CC49201C2450B60050EC57 /* main.m */,
			);
			name = "Supporting Files";
			sourceTree = "<group>";
		};
		A5F8D18978DB035F03B97B14 /* Pods */ = {
			isa = PBXGroup;
			children = (
				5706C565BC8FBC9FCCC7ABA9 /* Pods-GJSplashScreenDemo.debug.xcconfig */,
				F9A64A20731A46D882637129 /* Pods-GJSplashScreenDemo.release.xcconfig */,
			);
			name = Pods;
			sourceTree = "<group>";
		};
/* End PBXGroup section */

/* Begin PBXNativeTarget section */
		53CC491B1C2450B60050EC57 /* GJSplashScreenDemo */ = {
			isa = PBXNativeTarget;
			buildConfigurationList = 53CC49331C2450B70050EC57 /* Build configuration list for PBXNativeTarget "GJSplashScreenDemo" */;
			buildPhases = (
				1096C9088275F48B2B3DC5B4 /* Check Pods Manifest.lock */,
				53CC49181C2450B60050EC57 /* Sources */,
				53CC49191C2450B60050EC57 /* Frameworks */,
				53CC491A1C2450B60050EC57 /* Resources */,
				3A9530645B3B8658C6755533 /* Embed Pods Frameworks */,
				6FA523D88CD7FF346180F7BF /* Copy Pods Resources */,
			);
			buildRules = (
			);
			dependencies = (
			);
			name = GJSplashScreenDemo;
			productName = GJSplashScreenDemo;
			productReference = 53CC491C1C2450B60050EC57 /* GJSplashScreenDemo.app */;
			productType = "com.apple.product-type.application";
		};
/* End PBXNativeTarget section */

/* Begin PBXProject section */
		53CC49141C2450B60050EC57 /* Project object */ = {
			isa = PBXProject;
			attributes = {
				LastUpgradeCheck = 0700;
				ORGANIZATIONNAME = erliangzi;
				TargetAttributes = {
					53CC491B1C2450B60050EC57 = {
						CreatedOnToolsVersion = 7.0.1;
					};
				};
			};
			buildConfigurationList = 53CC49171C2450B60050EC57 /* Build configuration list for PBXProject "GJSplashScreenDemo" */;
			compatibilityVersion = "Xcode 3.2";
			developmentRegion = English;
			hasScannedForEncodings = 0;
			knownRegions = (
				en,
				Base,
			);
			mainGroup = 53CC49131C2450B60050EC57;
			productRefGroup = 53CC491D1C2450B60050EC57 /* Products */;
			projectDirPath = "";
			projectRoot = "";
			targets = (
				53CC491B1C2450B60050EC57 /* GJSplashScreenDemo */,
			);
		};
/* End PBXProject section */

/* Begin PBXResourcesBuildPhase section */
		53CC491A1C2450B60050EC57 /* Resources */ = {
			isa = PBXResourcesBuildPhase;
			buildActionMask = 2147483647;
			files = (
				53CC492F1C2450B70050EC57 /* LaunchScreen.storyboard in Resources */,
				53CC492C1C2450B70050EC57 /* Assets.xcassets in Resources */,
				53CC492A1C2450B70050EC57 /* Main.storyboard in Resources */,
			);
			runOnlyForDeploymentPostprocessing = 0;
		};
/* End PBXResourcesBuildPhase section */

/* Begin PBXShellScriptBuildPhase section */
		1096C9088275F48B2B3DC5B4 /* Check Pods Manifest.lock */ = {
			isa = PBXShellScriptBuildPhase;
			buildActionMask = 2147483647;
			files = (
			);
			inputPaths = (
			);
			name = "Check Pods Manifest.lock";
			outputPaths = (
			);
			runOnlyForDeploymentPostprocessing = 0;
			shellPath = /bin/sh;
			shellScript = "diff \"${PODS_ROOT}/../Podfile.lock\" \"${PODS_ROOT}/Manifest.lock\" > /dev/null\nif [[ $? != 0 ]] ; then\n    cat << EOM\nerror: The sandbox is not in sync with the Podfile.lock. Run 'pod install' or update your CocoaPods installation.\nEOM\n    exit 1\nfi\n";
			showEnvVarsInLog = 0;
		};
		3A9530645B3B8658C6755533 /* Embed Pods Frameworks */ = {
			isa = PBXShellScriptBuildPhase;
			buildActionMask = 2147483647;
			files = (
			);
			inputPaths = (
			);
			name = "Embed Pods Frameworks";
			outputPaths = (
			);
			runOnlyForDeploymentPostprocessing = 0;
			shellPath = /bin/sh;
			shellScript = "\"${SRCROOT}/Pods/Target Support Files/Pods-GJSplashScreenDemo/Pods-GJSplashScreenDemo-frameworks.sh\"\n";
			showEnvVarsInLog = 0;
		};
		6FA523D88CD7FF346180F7BF /* Copy Pods Resources */ = {
			isa = PBXShellScriptBuildPhase;
			buildActionMask = 2147483647;
			files = (
			);
			inputPaths = (
			);
			name = "Copy Pods Resources";
			outputPaths = (
			);
			runOnlyForDeploymentPostprocessing = 0;
			shellPath = /bin/sh;
			shellScript = "\"${SRCROOT}/Pods/Target Support Files/Pods-GJSplashScreenDemo/Pods-GJSplashScreenDemo-resources.sh\"\n";
			showEnvVarsInLog = 0;
		};
/* End PBXShellScriptBuildPhase section */

/* Begin PBXSourcesBuildPhase section */
		53CC49181C2450B60050EC57 /* Sources */ = {
			isa = PBXSourcesBuildPhase;
			buildActionMask = 2147483647;
			files = (
				53CC49271C2450B60050EC57 /* ViewController.m in Sources */,
				53CC49241C2450B60050EC57 /* AppDelegate.m in Sources */,
				53CC49211C2450B60050EC57 /* main.m in Sources */,
			);
			runOnlyForDeploymentPostprocessing = 0;
		};
/* End PBXSourcesBuildPhase section */

/* Begin PBXVariantGroup section */
		53CC49281C2450B70050EC57 /* Main.storyboard */ = {
			isa = PBXVariantGroup;
			children = (
				53CC49291C2450B70050EC57 /* Base */,
			);
			name = Main.storyboard;
			sourceTree = "<group>";
		};
		53CC492D1C2450B70050EC57 /* LaunchScreen.storyboard */ = {
			isa = PBXVariantGroup;
			children = (
				53CC492E1C2450B70050EC57 /* Base */,
			);
			name = LaunchScreen.storyboard;
			sourceTree = "<group>";
		};
/* End PBXVariantGroup section */

/* Begin XCBuildConfiguration section */
		53CC49311C2450B70050EC57 /* Debug */ = {
			isa = XCBuildConfiguration;
			buildSettings = {
				ALWAYS_SEARCH_USER_PATHS = NO;
				CLANG_CXX_LANGUAGE_STANDARD = "gnu++0x";
				CLANG_CXX_LIBRARY = "libc++";
				CLANG_ENABLE_MODULES = YES;
				CLANG_ENABLE_OBJC_ARC = YES;
				CLANG_WARN_BOOL_CONVERSION = YES;
				CLANG_WARN_CONSTANT_CONVERSION = YES;
				CLANG_WARN_DIRECT_OBJC_ISA_USAGE = YES_ERROR;
				CLANG_WARN_EMPTY_BODY = YES;
				CLANG_WARN_ENUM_CONVERSION = YES;
				CLANG_WARN_INT_CONVERSION = YES;
				CLANG_WARN_OBJC_ROOT_CLASS = YES_ERROR;
				CLANG_WARN_UNREACHABLE_CODE = YES;
				CLANG_WARN__DUPLICATE_METHOD_MATCH = YES;
				"CODE_SIGN_IDENTITY[sdk=iphoneos*]" = "iPhone Developer";
				COPY_PHASE_STRIP = NO;
				DEBUG_INFORMATION_FORMAT = dwarf;
				ENABLE_STRICT_OBJC_MSGSEND = YES;
				ENABLE_TESTABILITY = YES;
				GCC_C_LANGUAGE_STANDARD = gnu99;
				GCC_DYNAMIC_NO_PIC = NO;
				GCC_NO_COMMON_BLOCKS = YES;
				GCC_OPTIMIZATION_LEVEL = 0;
				GCC_PREPROCESSOR_DEFINITIONS = (
					"DEBUG=1",
					"$(inherited)",
				);
				GCC_WARN_64_TO_32_BIT_CONVERSION = YES;
				GCC_WARN_ABOUT_RETURN_TYPE = YES_ERROR;
				GCC_WARN_UNDECLARED_SELECTOR = YES;
				GCC_WARN_UNINITIALIZED_AUTOS = YES_AGGRESSIVE;
				GCC_WARN_UNUSED_FUNCTION = YES;
				GCC_WARN_UNUSED_VARIABLE = YES;
				IPHONEOS_DEPLOYMENT_TARGET = 9.0;
				MTL_ENABLE_DEBUG_INFO = YES;
				ONLY_ACTIVE_ARCH = YES;
				SDKROOT = iphoneos;
			};
			name = Debug;
		};
		53CC49321C2450B70050EC57 /* Release */ = {
			isa = XCBuildConfiguration;
			buildSettings = {
				ALWAYS_SEARCH_USER_PATHS = NO;
				CLANG_CXX_LANGUAGE_STANDARD = "gnu++0x";
				CLANG_CXX_LIBRARY = "libc++";
				CLANG_ENABLE_MODULES = YES;
				CLANG_ENABLE_OBJC_ARC = YES;
				CLANG_WARN_BOOL_CONVERSION = YES;
				CLANG_WARN_CONSTANT_CONVERSION = YES;
				CLANG_WARN_DIRECT_OBJC_ISA_USAGE = YES_ERROR;
				CLANG_WARN_EMPTY_BODY = YES;
				CLANG_WARN_ENUM_CONVERSION = YES;
				CLANG_WARN_INT_CONVERSION = YES;
				CLANG_WARN_OBJC_ROOT_CLASS = YES_ERROR;
				CLANG_WARN_UNREACHABLE_CODE = YES;
				CLANG_WARN__DUPLICATE_METHOD_MATCH = YES;
				"CODE_SIGN_IDENTITY[sdk=iphoneos*]" = "iPhone Developer";
				COPY_PHASE_STRIP = NO;
				DEBUG_INFORMATION_FORMAT = "dwarf-with-dsym";
				ENABLE_NS_ASSERTIONS = NO;
				ENABLE_STRICT_OBJC_MSGSEND = YES;
				GCC_C_LANGUAGE_STANDARD = gnu99;
				GCC_NO_COMMON_BLOCKS = YES;
				GCC_WARN_64_TO_32_BIT_CONVERSION = YES;
				GCC_WARN_ABOUT_RETURN_TYPE = YES_ERROR;
				GCC_WARN_UNDECLARED_SELECTOR = YES;
				GCC_WARN_UNINITIALIZED_AUTOS = YES_AGGRESSIVE;
				GCC_WARN_UNUSED_FUNCTION = YES;
				GCC_WARN_UNUSED_VARIABLE = YES;
				IPHONEOS_DEPLOYMENT_TARGET = 9.0;
				MTL_ENABLE_DEBUG_INFO = NO;
				SDKROOT = iphoneos;
				VALIDATE_PRODUCT = YES;
			};
			name = Release;
		};
		53CC49341C2450B70050EC57 /* Debug */ = {
			isa = XCBuildConfiguration;
			baseConfigurationReference = 5706C565BC8FBC9FCCC7ABA9 /* Pods-GJSplashScreenDemo.debug.xcconfig */;
			buildSettings = {
				ASSETCATALOG_COMPILER_APPICON_NAME = AppIcon;
				ASSETCATALOG_COMPILER_LAUNCHIMAGE_NAME = LaunchImage;
				INFOPLIST_FILE = GJSplashScreenDemo/Info.plist;
				LD_RUNPATH_SEARCH_PATHS = "$(inherited) @executable_path/Frameworks";
				PRODUCT_BUNDLE_IDENTIFIER = com.erliangzi.GJSplashScreenDemo;
				PRODUCT_NAME = "$(TARGET_NAME)";
			};
			name = Debug;
		};
		53CC49351C2450B70050EC57 /* Release */ = {
			isa = XCBuildConfiguration;
			baseConfigurationReference = F9A64A20731A46D882637129 /* Pods-GJSplashScreenDemo.release.xcconfig */;
			buildSettings = {
				ASSETCATALOG_COMPILER_APPICON_NAME = AppIcon;
				ASSETCATALOG_COMPILER_LAUNCHIMAGE_NAME = LaunchImage;
				INFOPLIST_FILE = GJSplashScreenDemo/Info.plist;
				LD_RUNPATH_SEARCH_PATHS = "$(inherited) @executable_path/Frameworks";
				PRODUCT_BUNDLE_IDENTIFIER = com.erliangzi.GJSplashScreenDemo;
				PRODUCT_NAME = "$(TARGET_NAME)";
			};
			name = Release;
		};
/* End XCBuildConfiguration section */

/* Begin XCConfigurationList section */
		53CC49171C2450B60050EC57 /* Build configuration list for PBXProject "GJSplashScreenDemo" */ = {
			isa = XCConfigurationList;
			buildConfigurations = (
				53CC49311C2450B70050EC57 /* Debug */,
				53CC49321C2450B70050EC57 /* Release */,
			);
			defaultConfigurationIsVisible = 0;
			defaultConfigurationName = Release;
		};
		53CC49331C2450B70050EC57 /* Build configuration list for PBXNativeTarget "GJSplashScreenDemo" */ = {
			isa = XCConfigurationList;
			buildConfigurations = (
				53CC49341C2450B70050EC57 /* Debug */,
				53CC49351C2450B70050EC57 /* Release */,
			);
			defaultConfigurationIsVisible = 0;
			defaultConfigurationName = Release;
		};
/* End XCConfigurationList section */
	};
	rootObject = 53CC49141C2450B60050EC57 /* Project object */;
}
